
Microsoft Visual Studio Solution File, Format Version 12.00
# Visual Studio Version 17
VisualStudioVersion = 17.0.31903.59
MinimumVisualStudioVersion = 10.0.40219.1
Project("{2150E333-8FDC-42A3-9474-1A3956D46DE8}") = "src", "src", "{827E0CD3-B72D-47B6-A68D-7590B98EB39B}"
EndProject
Project("{FAE04EC0-301F-11D3-BF4B-00C04F79EFBC}") = "Legacy.Ordering.Api", "src\Legacy.Ordering.Api\Legacy.Ordering.Api.csproj", "{263D0784-CC80-4D18-B603-4CC26606A8E8}"
EndProject
Project("{2150E333-8FDC-42A3-9474-1A3956D46DE8}") = "tests", "tests", "{0AB3BF05-4346-4AA6-1389-037BE0695223}"
EndProject
Project("{FAE04EC0-301F-11D3-BF4B-00C04F79EFBC}") = "Api.Contract.Tests", "tests\Api.Contract.Tests\Api.Contract.Tests.csproj", "{616CEAF2-124E-4C84-8410-7B2AA21D3524}"
EndProject
Project("{FAE04EC0-301F-11D3-BF4B-00C04F79EFBC}") = "Legacy.Characterization.Tests", "tests\Legacy.Characterization.Tests\Legacy.Characterization.Tests.csproj", "{9049361D-DF33-43A0-A59F-4899A9FA752B}"
EndProject
Project("{FAE04EC0-301F-11D3-BF4B-00C04F79EFBC}") = "Edge.Api", "src\Edge.Api\Edge.Api.csproj", "{1DFE63D5-DBB6-4D04-B95F-44482E396CC4}"
EndProject
Project("{FAE04EC0-301F-11D3-BF4B-00C04F79EFBC}") = "Orders.Api", "src\Orders.Api\Orders.Api.csproj", "{35660257-62C9-4A6C-A845-7472C7BC1232}"
EndProject
Project("{FAE04EC0-301F-11D3-BF4B-00C04F79EFBC}") = "Inventory.Api", "src\Inventory.Api\Inventory.Api.csproj", "{6CE445DD-4B44-4FF2-B8C2-C0BFEB884CF7}"
EndProject
Project("{FAE04EC0-301F-11D3-BF4B-00C04F79EFBC}") = "Fulfillment.Api", "src\Fulfillment.Api\Fulfillment.Api.csproj", "{66D29773-CDA3-42F9-94CE-0B22F154C15E}"
EndProject
Project("{FAE04EC0-301F-11D3-BF4B-00C04F79EFBC}") = "Edge.Integration.Tests", "tests\Edge.Integration.Tests\Edge.Integration.Tests.csproj", "{4A50157F-6F6F-42AB-A2F8-2F7743F843AA}"
EndProject
Project("{FAE04EC0-301F-11D3-BF4B-00C04F79EFBC}") = "Orders.Tests", "tests\Orders.Tests\Orders.Tests.csproj", "{25889A1C-A75A-4051-959E-8028AA713EF7}"
EndProject
Project("{FAE04EC0-301F-11D3-BF4B-00C04F79EFBC}") = "Inventory.Tests", "tests\Inventory.Tests\Inventory.Tests.csproj", "{99235FED-24F4-4777-B300-C9A2A8815EEC}"
EndProject
Project("{FAE04EC0-301F-11D3-BF4B-00C04F79EFBC}") = "Fulfillment.Tests", "tests\Fulfillment.Tests\Fulfillment.Tests.csproj", "{F19134B9-700B-4B2B-A036-4FCC2046302D}"
EndProject
Global
	GlobalSection(SolutionConfigurationPlatforms) = preSolution
		Debug|Any CPU = Debug|Any CPU
		Debug|x64 = Debug|x64
		Debug|x86 = Debug|x86
		Release|Any CPU = Release|Any CPU
		Release|x64 = Release|x64
		Release|x86 = Release|x86
	EndGlobalSection
	GlobalSection(ProjectConfigurationPlatforms) = postSolution
		{263D0784-CC80-4D18-B603-4CC26606A8E8}.Debug|Any CPU.ActiveCfg = Debug|Any CPU
		{263D0784-CC80-4D18-B603-4CC26606A8E8}.Debug|Any CPU.Build.0 = Debug|Any CPU
		{263D0784-CC80-4D18-B603-4CC26606A8E8}.Debug|x64.ActiveCfg = Debug|Any CPU
		{263D0784-CC80-4D18-B603-4CC26606A8E8}.Debug|x64.Build.0 = Debug|Any CPU
		{263D0784-CC80-4D18-B603-4CC26606A8E8}.Debug|x86.ActiveCfg = Debug|Any CPU
		{263D0784-CC80-4D18-B603-4CC26606A8E8}.Debug|x86.Build.0 = Debug|Any CPU
		{263D0784-CC80-4D18-B603-4CC26606A8E8}.Release|Any CPU.ActiveCfg = Release|Any CPU
		{263D0784-CC80-4D18-B603-4CC26606A8E8}.Release|Any CPU.Build.0 = Release|Any CPU
		{263D0784-CC80-4D18-B603-4CC26606A8E8}.Release|x64.ActiveCfg = Release|Any CPU
		{263D0784-CC80-4D18-B603-4CC26606A8E8}.Release|x64.Build.0 = Release|Any CPU
		{263D0784-CC80-4D18-B603-4CC26606A8E8}.Release|x86.ActiveCfg = Release|Any CPU
		{263D0784-CC80-4D18-B603-4CC26606A8E8}.Release|x86.Build.0 = Release|Any CPU
		{616CEAF2-124E-4C84-8410-7B2AA21D3524}.Debug|Any CPU.ActiveCfg = Debug|Any CPU
		{616CEAF2-124E-4C84-8410-7B2AA21D3524}.Debug|Any CPU.Build.0 = Debug|Any CPU
		{616CEAF2-124E-4C84-8410-7B2AA21D3524}.Debug|x64.ActiveCfg = Debug|Any CPU
		{616CEAF2-124E-4C84-8410-7B2AA21D3524}.Debug|x64.Build.0 = Debug|Any CPU
		{616CEAF2-124E-4C84-8410-7B2AA21D3524}.Debug|x86.ActiveCfg = Debug|Any CPU
		{616CEAF2-124E-4C84-8410-7B2AA21D3524}.Debug|x86.Build.0 = Debug|Any CPU
		{616CEAF2-124E-4C84-8410-7B2AA21D3524}.Release|Any CPU.ActiveCfg = Release|Any CPU
		{616CEAF2-124E-4C84-8410-7B2AA21D3524}.Release|Any CPU.Build.0 = Release|Any CPU
		{616CEAF2-124E-4C84-8410-7B2AA21D3524}.Release|x64.ActiveCfg = Release|Any CPU
		{616CEAF2-124E-4C84-8410-7B2AA21D3524}.Release|x64.Build.0 = Release|Any CPU
		{616CEAF2-124E-4C84-8410-7B2AA21D3524}.Release|x86.ActiveCfg = Release|Any CPU
		{616CEAF2-124E-4C84-8410-7B2AA21D3524}.Release|x86.Build.0 = Release|Any CPU
		{9049361D-DF33-43A0-A59F-4899A9FA752B}.Debug|Any CPU.ActiveCfg = Debug|Any CPU
		{9049361D-DF33-43A0-A59F-4899A9FA752B}.Debug|Any CPU.Build.0 = Debug|Any CPU
		{9049361D-DF33-43A0-A59F-4899A9FA752B}.Debug|x64.ActiveCfg = Debug|Any CPU
		{9049361D-DF33-43A0-A59F-4899A9FA752B}.Debug|x64.Build.0 = Debug|Any CPU
		{9049361D-DF33-43A0-A59F-4899A9FA752B}.Debug|x86.ActiveCfg = Debug|Any CPU
		{9049361D-DF33-43A0-A59F-4899A9FA752B}.Debug|x86.Build.0 = Debug|Any CPU
		{9049361D-DF33-43A0-A59F-4899A9FA752B}.Release|Any CPU.ActiveCfg = Release|Any CPU
		{9049361D-DF33-43A0-A59F-4899A9FA752B}.Release|Any CPU.Build.0 = Release|Any CPU
		{9049361D-DF33-43A0-A59F-4899A9FA752B}.Release|x64.ActiveCfg = Release|Any CPU
		{9049361D-DF33-43A0-A59F-4899A9FA752B}.Release|x64.Build.0 = Release|Any CPU
		{9049361D-DF33-43A0-A59F-4899A9FA752B}.Release|x86.ActiveCfg = Release|Any CPU
		{9049361D-DF33-43A0-A59F-4899A9FA752B}.Release|x86.Build.0 = Release|Any CPU
		{1DFE63D5-DBB6-4D04-B95F-44482E396CC4}.Debug|Any CPU.ActiveCfg = Debug|Any CPU
		{1DFE63D5-DBB6-4D04-B95F-44482E396CC4}.Debug|Any CPU.Build.0 = Debug|Any CPU
		{1DFE63D5-DBB6-4D04-B95F-44482E396CC4}.Debug|x64.ActiveCfg = Debug|Any CPU
		{1DFE63D5-DBB6-4D04-B95F-44482E396CC4}.Debug|x64.Build.0 = Debug|Any CPU
		{1DFE63D5-DBB6-4D04-B95F-44482E396CC4}.Debug|x86.ActiveCfg = Debug|Any CPU
		{1DFE63D5-DBB6-4D04-B95F-44482E396CC4}.Debug|x86.Build.0 = Debug|Any CPU
		{1DFE63D5-DBB6-4D04-B95F-44482E396CC4}.Release|Any CPU.ActiveCfg = Release|Any CPU
		{1DFE63D5-DBB6-4D04-B95F-44482E396CC4}.Release|Any CPU.Build.0 = Release|Any CPU
		{1DFE63D5-DBB6-4D04-B95F-44482E396CC4}.Release|x64.ActiveCfg = Release|Any CPU
		{1DFE63D5-DBB6-4D04-B95F-44482E396CC4}.Release|x64.Build.0 = Release|Any CPU
		{1DFE63D5-DBB6-4D04-B95F-44482E396CC4}.Release|x86.ActiveCfg = Release|Any CPU
		{1DFE63D5-DBB6-4D04-B95F-44482E396CC4}.Release|x86.Build.0 = Release|Any CPU
		{35660257-62C9-4A6C-A845-7472C7BC1232}.Debug|Any CPU.ActiveCfg = Debug|Any CPU
		{35660257-62C9-4A6C-A845-7472C7BC1232}.Debug|Any CPU.Build.0 = Debug|Any CPU
		{35660257-62C9-4A6C-A845-7472C7BC1232}.Debug|x64.ActiveCfg = Debug|Any CPU
		{35660257-62C9-4A6C-A845-7472C7BC1232}.Debug|x64.Build.0 = Debug|Any CPU
		{35660257-62C9-4A6C-A845-7472C7BC1232}.Debug|x86.ActiveCfg = Debug|Any CPU
		{35660257-62C9-4A6C-A845-7472C7BC1232}.Debug|x86.Build.0 = Debug|Any CPU
		{35660257-62C9-4A6C-A845-7472C7BC1232}.Release|Any CPU.ActiveCfg = Release|Any CPU
		{35660257-62C9-4A6C-A845-7472C7BC1232}.Release|Any CPU.Build.0 = Release|Any CPU
		{35660257-62C9-4A6C-A845-7472C7BC1232}.Release|x64.ActiveCfg = Release|Any CPU
		{35660257-62C9-4A6C-A845-7472C7BC1232}.Release|x64.Build.0 = Release|Any CPU
		{35660257-62C9-4A6C-A845-7472C7BC1232}.Release|x86.ActiveCfg = Release|Any CPU
		{35660257-62C9-4A6C-A845-7472C7BC1232}.Release|x86.Build.0 = Release|Any CPU
		{6CE445DD-4B44-4FF2-B8C2-C0BFEB884CF7}.Debug|Any CPU.ActiveCfg = Debug|Any CPU
		{6CE445DD-4B44-4FF2-B8C2-C0BFEB884CF7}.Debug|Any CPU.Build.0 = Debug|Any CPU
		{6CE445DD-4B44-4FF2-B8C2-C0BFEB884CF7}.Debug|x64.ActiveCfg = Debug|Any CPU
		{6CE445DD-4B44-4FF2-B8C2-C0BFEB884CF7}.Debug|x64.Build.0 = Debug|Any CPU
		{6CE445DD-4B44-4FF2-B8C2-C0BFEB884CF7}.Debug|x86.ActiveCfg = Debug|Any CPU
		{6CE445DD-4B44-4FF2-B8C2-C0BFEB884CF7}.Debug|x86.Build.0 = Debug|Any CPU
		{6CE445DD-4B44-4FF2-B8C2-C0BFEB884CF7}.Release|Any CPU.ActiveCfg = Release|Any CPU
		{6CE445DD-4B44-4FF2-B8C2-C0BFEB884CF7}.Release|Any CPU.Build.0 = Release|Any CPU
		{6CE445DD-4B44-4FF2-B8C2-C0BFEB884CF7}.Release|x64.ActiveCfg = Release|Any CPU
		{6CE445DD-4B44-4FF2-B8C2-C0BFEB884CF7}.Release|x64.Build.0 = Release|Any CPU
		{6CE445DD-4B44-4FF2-B8C2-C0BFEB884CF7}.Release|x86.ActiveCfg = Release|Any CPU
		{6CE445DD-4B44-4FF2-B8C2-C0BFEB884CF7}.Release|x86.Build.0 = Release|Any CPU
		{66D29773-CDA3-42F9-94CE-0B22F154C15E}.Debug|Any CPU.ActiveCfg = Debug|Any CPU
		{66D29773-CDA3-42F9-94CE-0B22F154C15E}.Debug|Any CPU.Build.0 = Debug|Any CPU
		{66D29773-CDA3-42F9-94CE-0B22F154C15E}.Debug|x64.ActiveCfg = Debug|Any CPU
		{66D29773-CDA3-42F9-94CE-0B22F154C15E}.Debug|x64.Build.0 = Debug|Any CPU
		{66D29773-CDA3-42F9-94CE-0B22F154C15E}.Debug|x86.ActiveCfg = Debug|Any CPU
		{66D29773-CDA3-42F9-94CE-0B22F154C15E}.Debug|x86.Build.0 = Debug|Any CPU
		{66D29773-CDA3-42F9-94CE-0B22F154C15E}.Release|Any CPU.ActiveCfg = Release|Any CPU
		{66D29773-CDA3-42F9-94CE-0B22F154C15E}.Release|Any CPU.Build.0 = Release|Any CPU
		{66D29773-CDA3-42F9-94CE-0B22F154C15E}.Release|x64.ActiveCfg = Release|Any CPU
		{66D29773-CDA3-42F9-94CE-0B22F154C15E}.Release|x64.Build.0 = Release|Any CPU
		{66D29773-CDA3-42F9-94CE-0B22F154C15E}.Release|x86.ActiveCfg = Release|Any CPU
		{66D29773-CDA3-42F9-94CE-0B22F154C15E}.Release|x86.Build.0 = Release|Any CPU
		{4A50157F-6F6F-42AB-A2F8-2F7743F843AA}.Debug|Any CPU.ActiveCfg = Debug|Any CPU
		{4A50157F-6F6F-42AB-A2F8-2F7743F843AA}.Debug|Any CPU.Build.0 = Debug|Any CPU
		{4A50157F-6F6F-42AB-A2F8-2F7743F843AA}.Debug|x64.ActiveCfg = Debug|Any CPU
		{4A50157F-6F6F-42AB-A2F8-2F7743F843AA}.Debug|x64.Build.0 = Debug|Any CPU
		{4A50157F-6F6F-42AB-A2F8-2F7743F843AA}.Debug|x86.ActiveCfg = Debug|Any CPU
		{4A50157F-6F6F-42AB-A2F8-2F7743F843AA}.Debug|x86.Build.0 = Debug|Any CPU
		{4A50157F-6F6F-42AB-A2F8-2F7743F843AA}.Release|Any CPU.ActiveCfg = Release|Any CPU
		{4A50157F-6F6F-42AB-A2F8-2F7743F843AA}.Release|Any CPU.Build.0 = Release|Any CPU
		{4A50157F-6F6F-42AB-A2F8-2F7743F843AA}.Release|x64.ActiveCfg = Release|Any CPU
		{4A50157F-6F6F-42AB-A2F8-2F7743F843AA}.Release|x64.Build.0 = Release|Any CPU
		{4A50157F-6F6F-42AB-A2F8-2F7743F843AA}.Release|x86.ActiveCfg = Release|Any CPU
		{4A50157F-6F6F-42AB-A2F8-2F7743F843AA}.Release|x86.Build.0 = Release|Any CPU
		{25889A1C-A75A-4051-959E-8028AA713EF7}.Debug|Any CPU.ActiveCfg = Debug|Any CPU
		{25889A1C-A75A-4051-959E-8028AA713EF7}.Debug|Any CPU.Build.0 = Debug|Any CPU
		{25889A1C-A75A-4051-959E-8028AA713EF7}.Debug|x64.ActiveCfg = Debug|Any CPU
		{25889A1C-A75A-4051-959E-8028AA713EF7}.Debug|x64.Build.0 = Debug|Any CPU
		{25889A1C-A75A-4051-959E-8028AA713EF7}.Debug|x86.ActiveCfg = Debug|Any CPU
		{25889A1C-A75A-4051-959E-8028AA713EF7}.Debug|x86.Build.0 = Debug|Any CPU
		{25889A1C-A75A-4051-959E-8028AA713EF7}.Release|Any CPU.ActiveCfg = Release|Any CPU
		{25889A1C-A75A-4051-959E-8028AA713EF7}.Release|Any CPU.Build.0 = Release|Any CPU
		{25889A1C-A75A-4051-959E-8028AA713EF7}.Release|x64.ActiveCfg = Release|Any CPU
		{25889A1C-A75A-4051-959E-8028AA713EF7}.Release|x64.Build.0 = Release|Any CPU
		{25889A1C-A75A-4051-959E-8028AA713EF7}.Release|x86.ActiveCfg = Release|Any CPU
		{25889A1C-A75A-4051-959E-8028AA713EF7}.Release|x86.Build.0 = Release|Any CPU
		{99235FED-24F4-4777-B300-C9A2A8815EEC}.Debug|Any CPU.ActiveCfg = Debug|Any CPU
		{99235FED-24F4-4777-B300-C9A2A8815EEC}.Debug|Any CPU.Build.0 = Debug|Any CPU
		{99235FED-24F4-4777-B300-C9A2A8815EEC}.Debug|x64.ActiveCfg = Debug|Any CPU
		{99235FED-24F4-4777-B300-C9A2A8815EEC}.Debug|x64.Build.0 = Debug|Any CPU
		{99235FED-24F4-4777-B300-C9A2A8815EEC}.Debug|x86.ActiveCfg = Debug|Any CPU
		{99235FED-24F4-4777-B300-C9A2A8815EEC}.Debug|x86.Build.0 = Debug|Any CPU
		{99235FED-24F4-4777-B300-C9A2A8815EEC}.Release|Any CPU.ActiveCfg = Release|Any CPU
		{99235FED-24F4-4777-B300-C9A2A8815EEC}.Release|Any CPU.Build.0 = Release|Any CPU
		{99235FED-24F4-4777-B300-C9A2A8815EEC}.Release|x64.ActiveCfg = Release|Any CPU
		{99235FED-24F4-4777-B300-C9A2A8815EEC}.Release|x64.Build.0 = Release|Any CPU
		{99235FED-24F4-4777-B300-C9A2A8815EEC}.Release|x86.ActiveCfg = Release|Any CPU
		{99235FED-24F4-4777-B300-C9A2A8815EEC}.Release|x86.Build.0 = Release|Any CPU
		{F19134B9-700B-4B2B-A036-4FCC2046302D}.Debug|Any CPU.ActiveCfg = Debug|Any CPU
		{F19134B9-700B-4B2B-A036-4FCC2046302D}.Debug|Any CPU.Build.0 = Debug|Any CPU
		{F19134B9-700B-4B2B-A036-4FCC2046302D}.Debug|x64.ActiveCfg = Debug|Any CPU
		{F19134B9-700B-4B2B-A036-4FCC2046302D}.Debug|x64.Build.0 = Debug|Any CPU
		{F19134B9-700B-4B2B-A036-4FCC2046302D}.Debug|x86.ActiveCfg = Debug|Any CPU
		{F19134B9-700B-4B2B-A036-4FCC2046302D}.Debug|x86.Build.0 = Debug|Any CPU
		{F19134B9-700B-4B2B-A036-4FCC2046302D}.Release|Any CPU.ActiveCfg = Release|Any CPU
		{F19134B9-700B-4B2B-A036-4FCC2046302D}.Release|Any CPU.Build.0 = Release|Any CPU
		{F19134B9-700B-4B2B-A036-4FCC2046302D}.Release|x64.ActiveCfg = Release|Any CPU
		{F19134B9-700B-4B2B-A036-4FCC2046302D}.Release|x64.Build.0 = Release|Any CPU
		{F19134B9-700B-4B2B-A036-4FCC2046302D}.Release|x86.ActiveCfg = Release|Any CPU
		{F19134B9-700B-4B2B-A036-4FCC2046302D}.Release|x86.Build.0 = Release|Any CPU
	EndGlobalSection
	GlobalSection(SolutionProperties) = preSolution
		HideSolutionNode = FALSE
	EndGlobalSection
	GlobalSection(NestedProjects) = preSolution
		{263D0784-CC80-4D18-B603-4CC26606A8E8} = {827E0CD3-B72D-47B6-A68D-7590B98EB39B}
		{616CEAF2-124E-4C84-8410-7B2AA21D3524} = {0AB3BF05-4346-4AA6-1389-037BE0695223}
		{9049361D-DF33-43A0-A59F-4899A9FA752B} = {0AB3BF05-4346-4AA6-1389-037BE0695223}
		{1DFE63D5-DBB6-4D04-B95F-44482E396CC4} = {827E0CD3-B72D-47B6-A68D-7590B98EB39B}
		{35660257-62C9-4A6C-A845-7472C7BC1232} = {827E0CD3-B72D-47B6-A68D-7590B98EB39B}
		{6CE445DD-4B44-4FF2-B8C2-C0BFEB884CF7} = {827E0CD3-B72D-47B6-A68D-7590B98EB39B}
		{66D29773-CDA3-42F9-94CE-0B22F154C15E} = {827E0CD3-B72D-47B6-A68D-7590B98EB39B}
		{4A50157F-6F6F-42AB-A2F8-2F7743F843AA} = {0AB3BF05-4346-4AA6-1389-037BE0695223}
		{25889A1C-A75A-4051-959E-8028AA713EF7} = {0AB3BF05-4346-4AA6-1389-037BE0695223}
		{99235FED-24F4-4777-B300-C9A2A8815EEC} = {0AB3BF05-4346-4AA6-1389-037BE0695223}
		{F19134B9-700B-4B2B-A036-4FCC2046302D} = {0AB3BF05-4346-4AA6-1389-037BE0695223}
	EndGlobalSection
EndGlobal
